<?xml version="1.0" encoding="utf-8"?>
<Project ToolsVersion="4.0" xmlns="http://schemas.microsoft.com/developer/msbuild/2003">
  <ItemGroup>
    <ClCompile Include="main.cpp" />
    <ClCompile Include="GUI\GLUTWindow.cpp">
      <Filter>GUI</Filter>
    </ClCompile>
    <ClCompile Include="Core\Math\Matrix.cpp">
      <Filter>Core\Math</Filter>
    </ClCompile>
    <ClCompile Include="Core\Math\Quaternion.cpp">
      <Filter>Core\Math</Filter>
    </ClCompile>
    <ClCompile Include="Core\Math\Triangle.cpp">
      <Filter>Core\Math</Filter>
    </ClCompile>
    <ClCompile Include="Core\Basic\Assert.cpp">
      <Filter>Core\Basic</Filter>
    </ClCompile>
    <ClCompile Include="Core\Basic\BasicFunctions.cpp">
      <Filter>Core\Basic</Filter>
    </ClCompile>
    <ClCompile Include="Core\Basic\ErrorMessage.cpp">
      <Filter>Core\Basic</Filter>
    </ClCompile>
    <ClCompile Include="Core\Basic\LoadData.cpp">
      <Filter>Core\Basic</Filter>
    </ClCompile>
    <ClCompile Include="Graphics\ImageLoader\lodepng.cpp">
      <Filter>Graphics\ImageLoader</Filter>
    </ClCompile>
    <ClCompile Include="Graphics\ImageLoader\lodepng_util.cpp">
      <Filter>Graphics\ImageLoader</Filter>
    </ClCompile>
    <ClCompile Include="Level\EnvironmentLevel.cpp">
      <Filter>Level</Filter>
    </ClCompile>
    <ClCompile Include="Graphics\GraphicsHelper.cpp">
      <Filter>Graphics</Filter>
    </ClCompile>
    <ClCompile Include="Level\RenderTextureLevel.cpp">
      <Filter>Level</Filter>
    </ClCompile>
    <ClCompile Include="Level\ShadowLevel.cpp">
      <Filter>Level</Filter>
    </ClCompile>
    <ClCompile Include="Level\ShadowLevelTest.cpp">
      <Filter>Level</Filter>
    </ClCompile>
    <ClCompile Include="Object\Light.cpp">
      <Filter>Object</Filter>
    </ClCompile>
    <ClCompile Include="Object\Camera.cpp">
      <Filter>Object</Filter>
    </ClCompile>
    <ClCompile Include="Object\Terrain.cpp">
      <Filter>Object</Filter>
    </ClCompile>
    <ClCompile Include="Level\TerrainLevel.cpp">
      <Filter>Level</Filter>
    </ClCompile>
    <ClCompile Include="Core\Math\PerlinNoise.cpp">
      <Filter>Core\Math</Filter>
    </ClCompile>
  </ItemGroup>
  <ItemGroup>
    <Filter Include="GUI">
      <UniqueIdentifier>{0a0d6b44-46fd-48cd-963d-e92ab75fc617}</UniqueIdentifier>
    </Filter>
    <Filter Include="Data">
      <UniqueIdentifier>{c0d0781e-49bf-45bf-849c-848e4b69f4df}</UniqueIdentifier>
    </Filter>
    <Filter Include="Data\Shader">
      <UniqueIdentifier>{a097c50e-6fa6-4c16-85b5-b34bec471b16}</UniqueIdentifier>
    </Filter>
    <Filter Include="Graphics">
      <UniqueIdentifier>{e6f72bc0-dd5c-4649-87b1-4161bd7c3e1f}</UniqueIdentifier>
    </Filter>
    <Filter Include="Core">
      <UniqueIdentifier>{24435ecf-139a-4939-8c84-4075f1d4650a}</UniqueIdentifier>
    </Filter>
    <Filter Include="Core\Math">
      <UniqueIdentifier>{68fefc73-28c9-42a7-a017-6500fb54e5b5}</UniqueIdentifier>
    </Filter>
    <Filter Include="Core\Basic">
      <UniqueIdentifier>{b402f0e4-008d-4dac-bde2-3ffe979cd8b9}</UniqueIdentifier>
    </Filter>
    <Filter Include="Graphics\ImageLoader">
      <UniqueIdentifier>{af9ed513-6f78-4d80-bca6-59af2b9e121c}</UniqueIdentifier>
    </Filter>
    <Filter Include="Data\Shader\Fragment">
      <UniqueIdentifier>{3d6259b6-f166-4f2d-b570-d5b74af8e1d8}</UniqueIdentifier>
    </Filter>
    <Filter Include="Data\Shader\Vertex">
      <UniqueIdentifier>{95dd1262-51cc-4e03-8cad-3f01b8d731e7}</UniqueIdentifier>
    </Filter>
    <Filter Include="Level">
      <UniqueIdentifier>{5d99b141-131a-4792-bb8f-00790cdd258d}</UniqueIdentifier>
    </Filter>
    <Filter Include="Object">
      <UniqueIdentifier>{d5e82abd-ebcb-499d-b202-95d7a5c811bc}</UniqueIdentifier>
    </Filter>
  </ItemGroup>
  <ItemGroup>
    <ClInclude Include="GUI\GLUTWindow.h">
      <Filter>GUI</Filter>
    </ClInclude>
    <ClInclude Include="Core\Math\Axis.h">
      <Filter>Core\Math</Filter>
    </ClInclude>
    <ClInclude Include="Core\Math\Box2D.h">
      <Filter>Core\Math</Filter>
    </ClInclude>
    <ClInclude Include="Core\Math\Color.h">
      <Filter>Core\Math</Filter>
    </ClInclude>
    <ClInclude Include="Core\Math\Matrix.h">
      <Filter>Core\Math</Filter>
    </ClInclude>
    <ClInclude Include="Core\Math\Quaternion.h">
      <Filter>Core\Math</Filter>
    </ClInclude>
    <ClInclude Include="Core\Math\Rotator.h">
      <Filter>Core\Math</Filter>
    </ClInclude>
    <ClInclude Include="Core\Math\Triangle.h">
      <Filter>Core\Math</Filter>
    </ClInclude>
    <ClInclude Include="Core\Math\Vector2.h">
      <Filter>Core\Math</Filter>
    </ClInclude>
    <ClInclude Include="Core\Math\Vector3.h">
      <Filter>Core\Math</Filter>
    </ClInclude>
    <ClInclude Include="Core\Math\Vector4.h">
      <Filter>Core\Math</Filter>
    </ClInclude>
    <ClInclude Include="Core\Math\VectorSSE.h">
      <Filter>Core\Math</Filter>
    </ClInclude>
    <ClInclude Include="Core\Basic\Assert.h">
      <Filter>Core\Basic</Filter>
    </ClInclude>
    <ClInclude Include="Core\Basic\BasicFunctions.h">
      <Filter>Core\Basic</Filter>
    </ClInclude>
    <ClInclude Include="Core\Basic\BasicTypes.h">
      <Filter>Core\Basic</Filter>
    </ClInclude>
    <ClInclude Include="Core\Basic\ErrorMessage.h">
      <Filter>Core\Basic</Filter>
    </ClInclude>
    <ClInclude Include="Core\Basic\FileIO.h">
      <Filter>Core\Basic</Filter>
    </ClInclude>
    <ClInclude Include="Core\Basic\LuaData.h">
      <Filter>Core\Basic</Filter>
    </ClInclude>
    <ClInclude Include="Core\Basic\Target.h">
      <Filter>Core\Basic</Filter>
    </ClInclude>
    <ClInclude Include="Graphics\ImageLoader\lodepng.h">
      <Filter>Graphics\ImageLoader</Filter>
    </ClInclude>
    <ClInclude Include="Graphics\ImageLoader\lodepng_util.h">
      <Filter>Graphics\ImageLoader</Filter>
    </ClInclude>
    <ClInclude Include="Graphics\Texture.h">
      <Filter>Graphics</Filter>
    </ClInclude>
    <ClInclude Include="Graphics\FrameBuffer.h">
      <Filter>Graphics</Filter>
    </ClInclude>
    <ClInclude Include="Level\EnvironmentLevel.h">
      <Filter>Level</Filter>
    </ClInclude>
    <ClInclude Include="Level\ILevel.h">
      <Filter>Level</Filter>
    </ClInclude>
    <ClInclude Include="Graphics\GraphicsHelper.h">
      <Filter>Graphics</Filter>
    </ClInclude>
    <ClInclude Include="Level\RenderTextureLevel.h">
      <Filter>Level</Filter>
    </ClInclude>
    <ClInclude Include="Level\ShadowLevel.h">
      <Filter>Level</Filter>
    </ClInclude>
    <ClInclude Include="Level\ShadowLevelTest.h">
      <Filter>Level</Filter>
    </ClInclude>
    <ClInclude Include="Object\Light.h">
      <Filter>Object</Filter>
    </ClInclude>
    <ClInclude Include="Object\Camera.h">
      <Filter>Object</Filter>
    </ClInclude>
    <ClInclude Include="Object\Terrain.h">
      <Filter>Object</Filter>
    </ClInclude>
    <ClInclude Include="Level\TerrainLevel.h">
      <Filter>Level</Filter>
    </ClInclude>
    <ClInclude Include="Object\Image.h">
      <Filter>Object</Filter>
    </ClInclude>
    <ClInclude Include="Core\Math\PerlinNoise.h">
      <Filter>Core\Math</Filter>
    </ClInclude>
  </ItemGroup>
  <ItemGroup>
    <None Include="Data\Shader\Fragment\meshFrag.shader">
      <Filter>Data\Shader\Fragment</Filter>
    </None>
    <None Include="Data\Shader\Fragment\meshFragSimple.shader">
      <Filter>Data\Shader\Fragment</Filter>
    </None>
    <None Include="Data\Shader\Fragment\meshFragSkybox.shader">
      <Filter>Data\Shader\Fragment</Filter>
    </None>
    <None Include="Data\Shader\Vertex\meshVert.shader">
      <Filter>Data\Shader\Vertex</Filter>
    </None>
    <None Include="Data\Shader\Vertex\meshVertSimple.shader">
      <Filter>Data\Shader\Vertex</Filter>
    </None>
    <None Include="Data\Shader\Vertex\meshVertSkybox.shader">
      <Filter>Data\Shader\Vertex</Filter>
    </None>
    <None Include="Data\Shader\Fragment\meshFragReflection.shader">
      <Filter>Data\Shader\Fragment</Filter>
    </None>
    <None Include="Data\Shader\Vertex\meshVertReflection.shader">
      <Filter>Data\Shader\Vertex</Filter>
    </None>
    <None Include="Data\Shader\Fragment\meshFragShadow.shader">
      <Filter>Data\Shader\Fragment</Filter>
    </None>
    <None Include="Data\Shader\Fragment\meshFragLight.shader">
      <Filter>Data\Shader\Fragment</Filter>
    </None>
    <None Include="Data\Shader\Vertex\meshVertLight.shader">
      <Filter>Data\Shader\Vertex</Filter>
    </None>
    <None Include="Data\Shader\Fragment\meshFragDepthBuffer.shader">
      <Filter>Data\Shader\Fragment</Filter>
    </None>
    <None Include="Data\Shader\Vertex\meshVertDepthBuffer.shader">
      <Filter>Data\Shader\Vertex</Filter>
    </None>
    <None Include="Data\Shader\Vertex\meshVertShadow.shader">
      <Filter>Data\Shader\Vertex</Filter>
    </None>
    <None Include="Data\Shader\Vertex\meshVertDiffuse.shader">
      <Filter>Data\Shader\Vertex</Filter>
    </None>
    <None Include="Data\Shader\Fragment\meshFragDiffuse.shader">
      <Filter>Data\Shader\Fragment</Filter>
    </None>
  </ItemGroup>
</Project>